<?xml version="1.0" encoding="utf-8"?>
<Project ToolsVersion="4.0" xmlns="http://schemas.microsoft.com/developer/msbuild/2003">
  <ItemGroup>
    <Filter Include="Source Files">
      <UniqueIdentifier>{4FC737F1-C7A5-4376-A066-2A32D752A2FF}</UniqueIdentifier>
      <Extensions>cpp;c;cc;cxx;def;odl;idl;hpj;bat;asm;asmx</Extensions>
    </Filter>
    <Filter Include="Header Files">
      <UniqueIdentifier>{93995380-89BD-4b04-88EB-625FBE52EBFB}</UniqueIdentifier>
      <Extensions>h;hh;hpp;hxx;hm;inl;inc;xsd</Extensions>
    </Filter>
    <Filter Include="Resource Files">
      <UniqueIdentifier>{67DA6AB6-F800-4c08-8B7A-83BB121AAD01}</UniqueIdentifier>
      <Extensions>rc;ico;cur;bmp;dlg;rc2;rct;bin;rgs;gif;jpg;jpeg;jpe;resx;tiff;tif;png;wav;mfcribbon-ms</Extensions>
    </Filter>
    <Filter Include="Utils">
      <UniqueIdentifier>{c4a1e4b2-6bc4-458e-b610-f1fc26e2e33e}</UniqueIdentifier>
    </Filter>
  </ItemGroup>
  <ItemGroup>
    <ClCompile Include="main.cpp">
      <Filter>Source Files</Filter>
    </ClCompile>
    <ClCompile Include="Pointer.cpp">
      <Filter>Source Files</Filter>
    </ClCompile>
    <ClCompile Include="ElDorito.cpp">
      <Filter>Source Files</Filter>
    </ClCompile>
    <ClCompile Include="Modules\LoadLevel.cpp">
      <Filter>Source Files</Filter>
    </ClCompile>
    <ClCompile Include="Modules\Godmode.cpp">
      <Filter>Source Files</Filter>
    </ClCompile>
    <ClCompile Include="Modules\Ammo.cpp">
      <Filter>Source Files</Filter>
    </ClCompile>
    <ClCompile Include="Modules\Test.cpp">
      <Filter>Source Files</Filter>
    </ClCompile>
    <ClCompile Include="Modules\Hud.cpp">
      <Filter>Source Files</Filter>
    </ClCompile>
    <ClCompile Include="Modules\Fov.cpp">
      <Filter>Source Files</Filter>
    </ClCompile>
    <ClCompile Include="Modules\DebugLogging.cpp">
      <Filter>Source Files</Filter>
    </ClCompile>
    <ClCompile Include="Patch.cpp">
      <Filter>Source Files</Filter>
    </ClCompile>
    <ClCompile Include="Modules\ThirdPerson.cpp">
      <Filter>Source Files</Filter>
    </ClCompile>
    <ClCompile Include="Modules\Spawn.cpp">
      <Filter>Source Files</Filter>
    </ClCompile>
    <ClCompile Include="Modules\Globals.cpp">
      <Filter>Source Files</Filter>
    </ClCompile>
    <ClCompile Include="Modules\Camera.cpp">
      <Filter>Source Files</Filter>
    </ClCompile>
    <ClCompile Include="Utils\Assert.cpp">
      <Filter>Utils</Filter>
    </ClCompile>
    <ClCompile Include="Precompile.cpp">
      <Filter>Source Files</Filter>
    </ClCompile>
    <ClCompile Include="Utils\String.cpp">
      <Filter>Utils</Filter>
    </ClCompile>
    <ClCompile Include="Utils\VersionInfo.cpp">
      <Filter>Utils</Filter>
    </ClCompile>
    <ClCompile Include="Console\Console.cpp">
      <Filter>Source Files</Filter>
    </ClCompile>
    <ClCompile Include="Modules\Information.cpp">
      <Filter>Source Files</Filter>
    </ClCompile>
    <ClCompile Include="Modules\ShowGameUI.cpp">
      <Filter>Source Files</Filter>
    </ClCompile>
    <ClCompile Include="Modules\Disclaimer.cpp">
      <Filter>Source Files</Filter>
    </ClCompile>
    <ClCompile Include="Hooks.cpp">
      <Filter>Source Files</Filter>
    </ClCompile>
    <ClCompile Include="Modules\NameChange.cpp">
      <Filter>Source Files</Filter>
    </ClCompile>
  </ItemGroup>
  <ItemGroup>
    <ClInclude Include="Pointer.h">
      <Filter>Header Files</Filter>
    </ClInclude>
    <ClInclude Include="ElDoritoConfig.h">
      <Filter>Header Files</Filter>
    </ClInclude>
    <ClInclude Include="ElDorito.h">
      <Filter>Header Files</Filter>
    </ClInclude>
    <ClInclude Include="Modules\LoadLevel.h">
      <Filter>Header Files</Filter>
    </ClInclude>
    <ClInclude Include="Modules\ElModule.h">
      <Filter>Header Files</Filter>
    </ClInclude>
    <ClInclude Include="ElModules.h">
      <Filter>Header Files</Filter>
    </ClInclude>
    <ClInclude Include="Modules\Godmode.h">
      <Filter>Header Files</Filter>
    </ClInclude>
    <ClInclude Include="Modules\Ammo.h">
      <Filter>Header Files</Filter>
    </ClInclude>
    <ClInclude Include="Modules\Test.h">
      <Filter>Header Files</Filter>
    </ClInclude>
    <ClInclude Include="Modules\Hud.h">
      <Filter>Header Files</Filter>
    </ClInclude>
    <ClInclude Include="Modules\Fov.h">
      <Filter>Header Files</Filter>
    </ClInclude>
    <ClInclude Include="Modules\DebugLogging.h">
      <Filter>Header Files</Filter>
    </ClInclude>
    <ClInclude Include="Patch.h">
      <Filter>Header Files</Filter>
    </ClInclude>
    <ClInclude Include="Modules\ThirdPerson.h">
      <Filter>Header Files</Filter>
    </ClInclude>
    <ClInclude Include="Modules\Spawn.h">
      <Filter>Header Files</Filter>
    </ClInclude>
    <ClInclude Include="Modules\Globals.h">
      <Filter>Header Files</Filter>
    </ClInclude>
    <ClInclude Include="BlamTypes.h">
      <Filter>Header Files</Filter>
    </ClInclude>
    <ClInclude Include="Modules\Camera.h">
      <Filter>Header Files</Filter>
    </ClInclude>
    <ClInclude Include="ElMacros.h">
      <Filter>Header Files</Filter>
    </ClInclude>
    <ClInclude Include="Utils\Assert.h">
      <Filter>Utils</Filter>
    </ClInclude>
    <ClInclude Include="Precompile.h">
      <Filter>Header Files</Filter>
    </ClInclude>
    <ClInclude Include="Utils\Utils.h">
      <Filter>Header Files</Filter>
    </ClInclude>
    <ClInclude Include="Utils\Macros.h">
      <Filter>Header Files</Filter>
    </ClInclude>
    <ClInclude Include="Utils\String.h">
      <Filter>Utils</Filter>
    </ClInclude>
    <ClInclude Include="Utils\Singleton.h">
      <Filter>Header Files</Filter>
    </ClInclude>
    <ClInclude Include="Utils\VersionInfo.h">
      <Filter>Utils</Filter>
    </ClInclude>
    <ClInclude Include="resource.h">
      <Filter>Header Files</Filter>
    </ClInclude>
    <ClInclude Include="Console\Console.h">
      <Filter>Header Files</Filter>
    </ClInclude>
    <ClInclude Include="Modules\Information.h">
      <Filter>Header Files</Filter>
    </ClInclude>
    <ClInclude Include="Modules\ShowGameUI.h">
      <Filter>Header Files</Filter>
    </ClInclude>
    <ClInclude Include="Modules\Disclaimer.h">
      <Filter>Header Files</Filter>
    </ClInclude>
    <ClInclude Include="Hooks.h">
      <Filter>Header Files</Filter>
    </ClInclude>
    <ClInclude Include="Modules\NameChange.h">
      <Filter>Header Files</Filter>
    </ClInclude>
  </ItemGroup>
  <ItemGroup>
    <None Include=".gitignore" />
    <None Include=".gitattributes" />
    <None Include="ElDorito.def">
      <Filter>Source Files</Filter>
    </None>
  </ItemGroup>
  <ItemGroup>
    <ResourceCompile Include="ElDorito.rc">
      <Filter>Resource Files</Filter>
    </ResourceCompile>
  </ItemGroup>
</Project>